
Microsoft Visual Studio Solution File, Format Version 12.00
# Visual Studio Version 17
VisualStudioVersion = 17.8.34525.116
MinimumVisualStudioVersion = 10.0.40219.1
Project("{9A19103F-16F7-4668-BE54-9A1E7A4F7556}") = "Application.NET", "Application.NET\Application.NET.csproj", "{3BF5B4EA-BD89-40B5-8E25-AE4B71C9BD0B}"
EndProject
Global
	GlobalSection(SolutionConfigurationPlatforms) = preSolution
		Debug|Any CPU = Debug|Any CPU
		Release|Any CPU = Release|Any CPU
	EndGlobalSection
	GlobalSection(ProjectConfigurationPlatforms) = postSolution
		{3BF5B4EA-BD89-40B5-8E25-AE4B71C9BD0B}.Debug|Any CPU.ActiveCfg = Debug|Any CPU
		{3BF5B4EA-BD89-40B5-8E25-AE4B71C9BD0B}.Debug|Any CPU.Build.0 = Debug|Any CPU
		{3BF5B4EA-BD89-40B5-8E25-AE4B71C9BD0B}.Release|Any CPU.ActiveCfg = Release|Any CPU
		{3BF5B4EA-BD89-40B5-8E25-AE4B71C9BD0B}.Release|Any CPU.Build.0 = Release|Any CPU
	EndGlobalSection
	GlobalSection(SolutionProperties) = preSolution
		HideSolutionNode = FALSE
	EndGlobalSection
	GlobalSection(ExtensibilityGlobals) = postSolution
		SolutionGuid = {8F4CE233-C276-44C3-93DD-C01A07345E1D}
	EndGlobalSection
EndGlobal
